
Microsoft Visual Studio Solution File, Format Version 12.00
# Visual Studio 15
Project("{FAE04EC0-301F-11D3-BF4B-00C04F79EFBC}") = "MajorAssesmentCab201", "MajorAssesmentCab201.csproj", "{520E3AE9-9D10-4B5D-A49A-819420B382AB}"
EndProject
Global
	GlobalSection(SolutionConfigurationPlatforms) = preSolution
		Debug|Any CPU = Debug|Any CPU
		Release|Any CPU = Release|Any CPU
	EndGlobalSection
	GlobalSection(ProjectConfigurationPlatforms) = postSolution
		{520E3AE9-9D10-4B5D-A49A-819420B382AB}.Debug|Any CPU.ActiveCfg = Debug|Any CPU
		{520E3AE9-9D10-4B5D-A49A-819420B382AB}.Debug|Any CPU.Build.0 = Debug|Any CPU
		{520E3AE9-9D10-4B5D-A49A-819420B382AB}.Release|Any CPU.ActiveCfg = Release|Any CPU
		{520E3AE9-9D10-4B5D-A49A-819420B382AB}.Release|Any CPU.Build.0 = Release|Any CPU
	EndGlobalSection
EndGlobal
